
Microsoft Visual Studio Solution File, Format Version 12.00
# Visual Studio Version 17
VisualStudioVersion = 17.5.33414.496
MinimumVisualStudioVersion = 10.0.40219.1
Project("{FAE04EC0-301F-11D3-BF4B-00C04F79EFBC}") = "TP_MOD3_1302213043_JaatsiyahMaulidinaAstrianto", "TP_MOD3_1302213043_JaatsiyahMaulidinaAstrianto\TP_MOD3_1302213043_JaatsiyahMaulidinaAstrianto.csproj", "{6E9BAF8C-83B4-4585-9A81-7CBD3FB4A4F0}"
EndProject
Global
	GlobalSection(SolutionConfigurationPlatforms) = preSolution
		Debug|Any CPU = Debug|Any CPU
		Release|Any CPU = Release|Any CPU
	EndGlobalSection
	GlobalSection(ProjectConfigurationPlatforms) = postSolution
		{6E9BAF8C-83B4-4585-9A81-7CBD3FB4A4F0}.Debug|Any CPU.ActiveCfg = Debug|Any CPU
		{6E9BAF8C-83B4-4585-9A81-7CBD3FB4A4F0}.Debug|Any CPU.Build.0 = Debug|Any CPU
		{6E9BAF8C-83B4-4585-9A81-7CBD3FB4A4F0}.Release|Any CPU.ActiveCfg = Release|Any CPU
		{6E9BAF8C-83B4-4585-9A81-7CBD3FB4A4F0}.Release|Any CPU.Build.0 = Release|Any CPU
	EndGlobalSection
	GlobalSection(SolutionProperties) = preSolution
		HideSolutionNode = FALSE
	EndGlobalSection
	GlobalSection(ExtensibilityGlobals) = postSolution
		SolutionGuid = {6E2EC470-0451-4BB0-AF7E-315B95555BC6}
	EndGlobalSection
EndGlobal
